{
  "originHash" : "ab33803342a11c55ef7ae74ae15de8967f1dd954e4bd60f1a1e63329e0394b88",
  "pins" : [
    {
      "identity" : "ibdecodable",
      "kind" : "remoteSourceControl",
      "location" : "https://github.com/Adobels/IBDecodable.git",
      "state" : {
        "branch" : "develop",
        "revision" : "ab9f7b7259db590e3552f5aeaea7a34cad6c40e5"
      }
    },
    {
      "identity" : "swxmlhash",
      "kind" : "remoteSourceControl",
      "location" : "https://github.com/drmohundro/SWXMLHash.git",
      "state" : {
        "revision" : "a853604c9e9a83ad9954c7e3d2a565273982471f",
        "version" : "7.0.2"
      }
    }
  ],
  "version" : 3
}
