{
  "originHash" : "3024448b47e6137866482ac584a1caebd276a2210bc85a42f6ce31ff80f4ac63",
  "pins" : [
    {
      "identity" : "storyboarddecoder",
      "kind" : "remoteSourceControl",
      "location" : "https://github.com/Adobels/StoryboardDecoder.git",
      "state" : {
        "branch" : "develop",
        "revision" : "bbfd7467675c9d311fb94060c7ffa987c4214dc6"
      }
    },
    {
      "identity" : "swxmlhash",
      "kind" : "remoteSourceControl",
      "location" : "https://github.com/drmohundro/SWXMLHash.git",
      "state" : {
        "revision" : "a853604c9e9a83ad9954c7e3d2a565273982471f",
        "version" : "7.0.2"
      }
    }
  ],
  "version" : 3
}
